// !$*UTF8*$!
{
	archiveVersion = 1;
	classes = {
	};
	objectVersion = 50;
	objects = {

/* Begin PBXBuildFile section */
		E20BA5B22475445700ED9EB3 /* AppDelegate.swift in Sources */ = {isa = PBXBuildFile; fileRef = E20BA5B12475445700ED9EB3 /* AppDelegate.swift */; };
		E20BA5B82475445700ED9EB3 /* GameScene.swift in Sources */ = {isa = PBXBuildFile; fileRef = E20BA5B72475445700ED9EB3 /* GameScene.swift */; };
		E20BA5BA2475445700ED9EB3 /* GameViewController.swift in Sources */ = {isa = PBXBuildFile; fileRef = E20BA5B92475445700ED9EB3 /* GameViewController.swift */; };
		E20BA5BD2475445700ED9EB3 /* Main.storyboard in Resources */ = {isa = PBXBuildFile; fileRef = E20BA5BB2475445700ED9EB3 /* Main.storyboard */; };
		E20BA5BF2475445800ED9EB3 /* Assets.xcassets in Resources */ = {isa = PBXBuildFile; fileRef = E20BA5BE2475445800ED9EB3 /* Assets.xcassets */; };
		E20BA5C22475445800ED9EB3 /* LaunchScreen.storyboard in Resources */ = {isa = PBXBuildFile; fileRef = E20BA5C02475445800ED9EB3 /* LaunchScreen.storyboard */; };
		E28D108A24754C7E002C7B12 /* MainScene.swift in Sources */ = {isa = PBXBuildFile; fileRef = E28D108924754C7E002C7B12 /* MainScene.swift */; };
		E28D108C24754CAE002C7B12 /* HighScoreScene.swift in Sources */ = {isa = PBXBuildFile; fileRef = E28D108B24754CAE002C7B12 /* HighScoreScene.swift */; };
		E28D108E24754CCB002C7B12 /* SettingScene.swift in Sources */ = {isa = PBXBuildFile; fileRef = E28D108D24754CCB002C7B12 /* SettingScene.swift */; };
		E28D109324754E28002C7B12 /* Bubble.swift in Sources */ = {isa = PBXBuildFile; fileRef = E28D109024754E28002C7B12 /* Bubble.swift */; };
		E28D109424754E28002C7B12 /* Score.swift in Sources */ = {isa = PBXBuildFile; fileRef = E28D109124754E28002C7B12 /* Score.swift */; };
		E28D109524754E28002C7B12 /* Settings.swift in Sources */ = {isa = PBXBuildFile; fileRef = E28D109224754E28002C7B12 /* Settings.swift */; };
/* End PBXBuildFile section */

/* Begin PBXFileReference section */
		E20BA5AE2475445700ED9EB3 /* Bubble_pop.app */ = {isa = PBXFileReference; explicitFileType = wrapper.application; includeInIndex = 0; path = Bubble_pop.app; sourceTree = BUILT_PRODUCTS_DIR; };
		E20BA5B12475445700ED9EB3 /* AppDelegate.swift */ = {isa = PBXFileReference; lastKnownFileType = sourcecode.swift; path = AppDelegate.swift; sourceTree = "<group>"; };
		E20BA5B72475445700ED9EB3 /* GameScene.swift */ = {isa = PBXFileReference; lastKnownFileType = sourcecode.swift; path = GameScene.swift; sourceTree = "<group>"; };
		E20BA5B92475445700ED9EB3 /* GameViewController.swift */ = {isa = PBXFileReference; lastKnownFileType = sourcecode.swift; path = GameViewController.swift; sourceTree = "<group>"; };
		E20BA5BC2475445700ED9EB3 /* Base */ = {isa = PBXFileReference; lastKnownFileType = file.storyboard; name = Base; path = Base.lproj/Main.storyboard; sourceTree = "<group>"; };
		E20BA5BE2475445800ED9EB3 /* Assets.xcassets */ = {isa = PBXFileReference; lastKnownFileType = folder.assetcatalog; path = Assets.xcassets; sourceTree = "<group>"; };
		E20BA5C12475445800ED9EB3 /* Base */ = {isa = PBXFileReference; lastKnownFileType = file.storyboard; name = Base; path = Base.lproj/LaunchScreen.storyboard; sourceTree = "<group>"; };
		E20BA5C32475445800ED9EB3 /* Info.plist */ = {isa = PBXFileReference; lastKnownFileType = text.plist.xml; path = Info.plist; sourceTree = "<group>"; };
		E28D108924754C7E002C7B12 /* MainScene.swift */ = {isa = PBXFileReference; lastKnownFileType = sourcecode.swift; path = MainScene.swift; sourceTree = "<group>"; };
		E28D108B24754CAE002C7B12 /* HighScoreScene.swift */ = {isa = PBXFileReference; lastKnownFileType = sourcecode.swift; path = HighScoreScene.swift; sourceTree = "<group>"; };
		E28D108D24754CCB002C7B12 /* SettingScene.swift */ = {isa = PBXFileReference; lastKnownFileType = sourcecode.swift; path = SettingScene.swift; sourceTree = "<group>"; };
		E28D109024754E28002C7B12 /* Bubble.swift */ = {isa = PBXFileReference; fileEncoding = 4; lastKnownFileType = sourcecode.swift; path = Bubble.swift; sourceTree = "<group>"; };
		E28D109124754E28002C7B12 /* Score.swift */ = {isa = PBXFileReference; fileEncoding = 4; lastKnownFileType = sourcecode.swift; path = Score.swift; sourceTree = "<group>"; };
		E28D109224754E28002C7B12 /* Settings.swift */ = {isa = PBXFileReference; fileEncoding = 4; lastKnownFileType = sourcecode.swift; path = Settings.swift; sourceTree = "<group>"; };
/* End PBXFileReference section */

/* Begin PBXFrameworksBuildPhase section */
		E20BA5AB2475445700ED9EB3 /* Frameworks */ = {
			isa = PBXFrameworksBuildPhase;
			buildActionMask = 2147483647;
			files = (
			);
			runOnlyForDeploymentPostprocessing = 0;
		};
/* End PBXFrameworksBuildPhase section */

/* Begin PBXGroup section */
		E20BA5A52475445700ED9EB3 = {
			isa = PBXGroup;
			children = (
				E20BA5B02475445700ED9EB3 /* Bubble_pop */,
				E20BA5AF2475445700ED9EB3 /* Products */,
			);
			sourceTree = "<group>";
		};
		E20BA5AF2475445700ED9EB3 /* Products */ = {
			isa = PBXGroup;
			children = (
				E20BA5AE2475445700ED9EB3 /* Bubble_pop.app */,
			);
			name = Products;
			sourceTree = "<group>";
		};
		E20BA5B02475445700ED9EB3 /* Bubble_pop */ = {
			isa = PBXGroup;
			children = (
				E20BA5BE2475445800ED9EB3 /* Assets.xcassets */,
				E28D108F24754E28002C7B12 /* Templates */,
				E20BA5B12475445700ED9EB3 /* AppDelegate.swift */,
				E20BA5B72475445700ED9EB3 /* GameScene.swift */,
				E20BA5B92475445700ED9EB3 /* GameViewController.swift */,
				E28D108924754C7E002C7B12 /* MainScene.swift */,
				E28D108B24754CAE002C7B12 /* HighScoreScene.swift */,
				E28D108D24754CCB002C7B12 /* SettingScene.swift */,
				E20BA5BB2475445700ED9EB3 /* Main.storyboard */,
				E20BA5C02475445800ED9EB3 /* LaunchScreen.storyboard */,
				E20BA5C32475445800ED9EB3 /* Info.plist */,
			);
			path = Bubble_pop;
			sourceTree = "<group>";
		};
		E28D108F24754E28002C7B12 /* Templates */ = {
			isa = PBXGroup;
			children = (
				E28D109024754E28002C7B12 /* Bubble.swift */,
				E28D109124754E28002C7B12 /* Score.swift */,
				E28D109224754E28002C7B12 /* Settings.swift */,
			);
			name = Templates;
			path = "../../../Downloads/Bubble-pop-ios-master/bubble-pop-lahirurane/bubble-pop-lahirurane/Templates";
			sourceTree = "<group>";
		};
/* End PBXGroup section */

/* Begin PBXNativeTarget section */
		E20BA5AD2475445700ED9EB3 /* Bubble_pop */ = {
			isa = PBXNativeTarget;
			buildConfigurationList = E20BA5C62475445800ED9EB3 /* Build configuration list for PBXNativeTarget "Bubble_pop" */;
			buildPhases = (
				E20BA5AA2475445700ED9EB3 /* Sources */,
				E20BA5AB2475445700ED9EB3 /* Frameworks */,
				E20BA5AC2475445700ED9EB3 /* Resources */,
			);
			buildRules = (
			);
			dependencies = (
			);
			name = Bubble_pop;
			productName = Bubble_pop;
			productReference = E20BA5AE2475445700ED9EB3 /* Bubble_pop.app */;
			productType = "com.apple.product-type.application";
		};
/* End PBXNativeTarget section */

/* Begin PBXProject section */
		E20BA5A62475445700ED9EB3 /* Project object */ = {
			isa = PBXProject;
			attributes = {
				LastSwiftUpdateCheck = 1100;
				LastUpgradeCheck = 1100;
				ORGANIZATIONNAME = lok;
				TargetAttributes = {
					E20BA5AD2475445700ED9EB3 = {
						CreatedOnToolsVersion = 11.0;
					};
				};
			};
			buildConfigurationList = E20BA5A92475445700ED9EB3 /* Build configuration list for PBXProject "Bubble_pop" */;
			compatibilityVersion = "Xcode 9.3";
			developmentRegion = en;
			hasScannedForEncodings = 0;
			knownRegions = (
				en,
				Base,
			);
			mainGroup = E20BA5A52475445700ED9EB3;
			productRefGroup = E20BA5AF2475445700ED9EB3 /* Products */;
			projectDirPath = "";
			projectRoot = "";
			targets = (
				E20BA5AD2475445700ED9EB3 /* Bubble_pop */,
			);
		};
/* End PBXProject section */

/* Begin PBXResourcesBuildPhase section */
		E20BA5AC2475445700ED9EB3 /* Resources */ = {
			isa = PBXResourcesBuildPhase;
			buildActionMask = 2147483647;
			files = (
				E20BA5BD2475445700ED9EB3 /* Main.storyboard in Resources */,
				E20BA5BF2475445800ED9EB3 /* Assets.xcassets in Resources */,
				E20BA5C22475445800ED9EB3 /* LaunchScreen.storyboard in Resources */,
			);
			runOnlyForDeploymentPostprocessing = 0;
		};
/* End PBXResourcesBuildPhase section */

/* Begin PBXSourcesBuildPhase section */
		E20BA5AA2475445700ED9EB3 /* Sources */ = {
			isa = PBXSourcesBuildPhase;
			buildActionMask = 2147483647;
			files = (
				E28D108C24754CAE002C7B12 /* HighScoreScene.swift in Sources */,
				E20BA5B82475445700ED9EB3 /* GameScene.swift in Sources */,
				E28D109424754E28002C7B12 /* Score.swift in Sources */,
				E28D108A24754C7E002C7B12 /* MainScene.swift in Sources */,
				E20BA5BA2475445700ED9EB3 /* GameViewController.swift in Sources */,
				E28D109324754E28002C7B12 /* Bubble.swift in Sources */,
				E28D109524754E28002C7B12 /* Settings.swift in Sources */,
				E20BA5B22475445700ED9EB3 /* AppDelegate.swift in Sources */,
				E28D108E24754CCB002C7B12 /* SettingScene.swift in Sources */,
			);
			runOnlyForDeploymentPostprocessing = 0;
		};
/* End PBXSourcesBuildPhase section */

/* Begin PBXVariantGroup section */
		E20BA5BB2475445700ED9EB3 /* Main.storyboard */ = {
			isa = PBXVariantGroup;
			children = (
				E20BA5BC2475445700ED9EB3 /* Base */,
			);
			name = Main.storyboard;
			sourceTree = "<group>";
		};
		E20BA5C02475445800ED9EB3 /* LaunchScreen.storyboard */ = {
			isa = PBXVariantGroup;
			children = (
				E20BA5C12475445800ED9EB3 /* Base */,
			);
			name = LaunchScreen.storyboard;
			sourceTree = "<group>";
		};
/* End PBXVariantGroup section */

/* Begin XCBuildConfiguration section */
		E20BA5C42475445800ED9EB3 /* Debug */ = {
			isa = XCBuildConfiguration;
			buildSettings = {
				ALWAYS_SEARCH_USER_PATHS = NO;
				CLANG_ANALYZER_NONNULL = YES;
				CLANG_ANALYZER_NUMBER_OBJECT_CONVERSION = YES_AGGRESSIVE;
				CLANG_CXX_LANGUAGE_STANDARD = "gnu++14";
				CLANG_CXX_LIBRARY = "libc++";
				CLANG_ENABLE_MODULES = YES;
				CLANG_ENABLE_OBJC_ARC = YES;
				CLANG_ENABLE_OBJC_WEAK = YES;
				CLANG_WARN_BLOCK_CAPTURE_AUTORELEASING = YES;
				CLANG_WARN_BOOL_CONVERSION = YES;
				CLANG_WARN_COMMA = YES;
				CLANG_WARN_CONSTANT_CONVERSION = YES;
				CLANG_WARN_DEPRECATED_OBJC_IMPLEMENTATIONS = YES;
				CLANG_WARN_DIRECT_OBJC_ISA_USAGE = YES_ERROR;
				CLANG_WARN_DOCUMENTATION_COMMENTS = YES;
				CLANG_WARN_EMPTY_BODY = YES;
				CLANG_WARN_ENUM_CONVERSION = YES;
				CLANG_WARN_INFINITE_RECURSION = YES;
				CLANG_WARN_INT_CONVERSION = YES;
				CLANG_WARN_NON_LITERAL_NULL_CONVERSION = YES;
				CLANG_WARN_OBJC_IMPLICIT_RETAIN_SELF = YES;
				CLANG_WARN_OBJC_LITERAL_CONVERSION = YES;
				CLANG_WARN_OBJC_ROOT_CLASS = YES_ERROR;
				CLANG_WARN_RANGE_LOOP_ANALYSIS = YES;
				CLANG_WARN_STRICT_PROTOTYPES = YES;
				CLANG_WARN_SUSPICIOUS_MOVE = YES;
				CLANG_WARN_UNGUARDED_AVAILABILITY = YES_AGGRESSIVE;
				CLANG_WARN_UNREACHABLE_CODE = YES;
				CLANG_WARN__DUPLICATE_METHOD_MATCH = YES;
				COPY_PHASE_STRIP = NO;
				DEBUG_INFORMATION_FORMAT = dwarf;
				ENABLE_STRICT_OBJC_MSGSEND = YES;
				ENABLE_TESTABILITY = YES;
				GCC_C_LANGUAGE_STANDARD = gnu11;
				GCC_DYNAMIC_NO_PIC = NO;
				GCC_NO_COMMON_BLOCKS = YES;
				GCC_OPTIMIZATION_LEVEL = 0;
				GCC_PREPROCESSOR_DEFINITIONS = (
					"DEBUG=1",
					"$(inherited)",
				);
				GCC_WARN_64_TO_32_BIT_CONVERSION = YES;
				GCC_WARN_ABOUT_RETURN_TYPE = YES_ERROR;
				GCC_WARN_UNDECLARED_SELECTOR = YES;
				GCC_WARN_UNINITIALIZED_AUTOS = YES_AGGRESSIVE;
				GCC_WARN_UNUSED_FUNCTION = YES;
				GCC_WARN_UNUSED_VARIABLE = YES;
				IPHONEOS_DEPLOYMENT_TARGET = 13.0;
				MTL_ENABLE_DEBUG_INFO = INCLUDE_SOURCE;
				MTL_FAST_MATH = YES;
				ONLY_ACTIVE_ARCH = YES;
				SDKROOT = iphoneos;
				SWIFT_ACTIVE_COMPILATION_CONDITIONS = DEBUG;
				SWIFT_OPTIMIZATION_LEVEL = "-Onone";
			};
			name = Debug;
		};
		E20BA5C52475445800ED9EB3 /* Release */ = {
			isa = XCBuildConfiguration;
			buildSettings = {
				ALWAYS_SEARCH_USER_PATHS = NO;
				CLANG_ANALYZER_NONNULL = YES;
				CLANG_ANALYZER_NUMBER_OBJECT_CONVERSION = YES_AGGRESSIVE;
				CLANG_CXX_LANGUAGE_STANDARD = "gnu++14";
				CLANG_CXX_LIBRARY = "libc++";
				CLANG_ENABLE_MODULES = YES;
				CLANG_ENABLE_OBJC_ARC = YES;
				CLANG_ENABLE_OBJC_WEAK = YES;
				CLANG_WARN_BLOCK_CAPTURE_AUTORELEASING = YES;
				CLANG_WARN_BOOL_CONVERSION = YES;
				CLANG_WARN_COMMA = YES;
				CLANG_WARN_CONSTANT_CONVERSION = YES;
				CLANG_WARN_DEPRECATED_OBJC_IMPLEMENTATIONS = YES;
				CLANG_WARN_DIRECT_OBJC_ISA_USAGE = YES_ERROR;
				CLANG_WARN_DOCUMENTATION_COMMENTS = YES;
				CLANG_WARN_EMPTY_BODY = YES;
				CLANG_WARN_ENUM_CONVERSION = YES;
				CLANG_WARN_INFINITE_RECURSION = YES;
				CLANG_WARN_INT_CONVERSION = YES;
				CLANG_WARN_NON_LITERAL_NULL_CONVERSION = YES;
				CLANG_WARN_OBJC_IMPLICIT_RETAIN_SELF = YES;
				CLANG_WARN_OBJC_LITERAL_CONVERSION = YES;
				CLANG_WARN_OBJC_ROOT_CLASS = YES_ERROR;
				CLANG_WARN_RANGE_LOOP_ANALYSIS = YES;
				CLANG_WARN_STRICT_PROTOTYPES = YES;
				CLANG_WARN_SUSPICIOUS_MOVE = YES;
				CLANG_WARN_UNGUARDED_AVAILABILITY = YES_AGGRESSIVE;
				CLANG_WARN_UNREACHABLE_CODE = YES;
				CLANG_WARN__DUPLICATE_METHOD_MATCH = YES;
				COPY_PHASE_STRIP = NO;
				DEBUG_INFORMATION_FORMAT = "dwarf-with-dsym";
				ENABLE_NS_ASSERTIONS = NO;
				ENABLE_STRICT_OBJC_MSGSEND = YES;
				GCC_C_LANGUAGE_STANDARD = gnu11;
				GCC_NO_COMMON_BLOCKS = YES;
				GCC_WARN_64_TO_32_BIT_CONVERSION = YES;
				GCC_WARN_ABOUT_RETURN_TYPE = YES_ERROR;
				GCC_WARN_UNDECLARED_SELECTOR = YES;
				GCC_WARN_UNINITIALIZED_AUTOS = YES_AGGRESSIVE;
				GCC_WARN_UNUSED_FUNCTION = YES;
				GCC_WARN_UNUSED_VARIABLE = YES;
				IPHONEOS_DEPLOYMENT_TARGET = 13.0;
				MTL_ENABLE_DEBUG_INFO = NO;
				MTL_FAST_MATH = YES;
				SDKROOT = iphoneos;
				SWIFT_COMPILATION_MODE = wholemodule;
				SWIFT_OPTIMIZATION_LEVEL = "-O";
				VALIDATE_PRODUCT = YES;
			};
			name = Release;
		};
		E20BA5C72475445800ED9EB3 /* Debug */ = {
			isa = XCBuildConfiguration;
			buildSettings = {
				ASSETCATALOG_COMPILER_APPICON_NAME = AppIcon;
				CODE_SIGN_STYLE = Automatic;
				DEVELOPMENT_TEAM = HD3X7JM599;
				INFOPLIST_FILE = Bubble_pop/Info.plist;
				LD_RUNPATH_SEARCH_PATHS = (
					"$(inherited)",
					"@executable_path/Frameworks",
				);
				PRODUCT_BUNDLE_IDENTIFIER = "com.uts.lokkwing.Bubble-pop";
				PRODUCT_NAME = "$(TARGET_NAME)";
				SWIFT_VERSION = 5.0;
				TARGETED_DEVICE_FAMILY = "1,2";
			};
			name = Debug;
		};
		E20BA5C82475445800ED9EB3 /* Release */ = {
			isa = XCBuildConfiguration;
			buildSettings = {
				ASSETCATALOG_COMPILER_APPICON_NAME = AppIcon;
				CODE_SIGN_STYLE = Automatic;
				DEVELOPMENT_TEAM = HD3X7JM599;
				INFOPLIST_FILE = Bubble_pop/Info.plist;
				LD_RUNPATH_SEARCH_PATHS = (
					"$(inherited)",
					"@executable_path/Frameworks",
				);
				PRODUCT_BUNDLE_IDENTIFIER = "com.uts.lokkwing.Bubble-pop";
				PRODUCT_NAME = "$(TARGET_NAME)";
				SWIFT_VERSION = 5.0;
				TARGETED_DEVICE_FAMILY = "1,2";
			};
			name = Release;
		};
/* End XCBuildConfiguration section */

/* Begin XCConfigurationList section */
		E20BA5A92475445700ED9EB3 /* Build configuration list for PBXProject "Bubble_pop" */ = {
			isa = XCConfigurationList;
			buildConfigurations = (
				E20BA5C42475445800ED9EB3 /* Debug */,
				E20BA5C52475445800ED9EB3 /* Release */,
			);
			defaultConfigurationIsVisible = 0;
			defaultConfigurationName = Release;
		};
		E20BA5C62475445800ED9EB3 /* Build configuration list for PBXNativeTarget "Bubble_pop" */ = {
			isa = XCConfigurationList;
			buildConfigurations = (
				E20BA5C72475445800ED9EB3 /* Debug */,
				E20BA5C82475445800ED9EB3 /* Release */,
			);
			defaultConfigurationIsVisible = 0;
			defaultConfigurationName = Release;
		};
/* End XCConfigurationList section */
	};
	rootObject = E20BA5A62475445700ED9EB3 /* Project object */;
}
